
Microsoft Visual Studio Solution File, Format Version 12.00
# Visual Studio 14
VisualStudioVersion = 14.0.23107.0
MinimumVisualStudioVersion = 10.0.40219.1
Project("{FAE04EC0-301F-11D3-BF4B-00C04F79EFBC}") = "Combogallary", "Combogallary\Combogallary.csproj", "{E625CEC4-0FE1-4744-8220-DF6675CE6612}"
EndProject
Project("{FAE04EC0-301F-11D3-BF4B-00C04F79EFBC}") = "ActiveRecordPattern", "ActiveRecordPattern\ActiveRecordPattern.csproj", "{E3C36B6F-70A4-4DC5-BC56-D4D9A94C0828}"
EndProject
Project("{FAE04EC0-301F-11D3-BF4B-00C04F79EFBC}") = "GraphicEditor", "GraphicEditor\GraphicEditor.csproj", "{35805942-BB31-4F54-89FA-02099F796C04}"
EndProject
Global
	GlobalSection(SolutionConfigurationPlatforms) = preSolution
		Debug|Any CPU = Debug|Any CPU
		Release|Any CPU = Release|Any CPU
	EndGlobalSection
	GlobalSection(ProjectConfigurationPlatforms) = postSolution
		{E625CEC4-0FE1-4744-8220-DF6675CE6612}.Debug|Any CPU.ActiveCfg = Debug|Any CPU
		{E625CEC4-0FE1-4744-8220-DF6675CE6612}.Debug|Any CPU.Build.0 = Debug|Any CPU
		{E625CEC4-0FE1-4744-8220-DF6675CE6612}.Release|Any CPU.ActiveCfg = Release|Any CPU
		{E625CEC4-0FE1-4744-8220-DF6675CE6612}.Release|Any CPU.Build.0 = Release|Any CPU
		{E3C36B6F-70A4-4DC5-BC56-D4D9A94C0828}.Debug|Any CPU.ActiveCfg = Debug|Any CPU
		{E3C36B6F-70A4-4DC5-BC56-D4D9A94C0828}.Debug|Any CPU.Build.0 = Debug|Any CPU
		{E3C36B6F-70A4-4DC5-BC56-D4D9A94C0828}.Release|Any CPU.ActiveCfg = Release|Any CPU
		{E3C36B6F-70A4-4DC5-BC56-D4D9A94C0828}.Release|Any CPU.Build.0 = Release|Any CPU
		{35805942-BB31-4F54-89FA-02099F796C04}.Debug|Any CPU.ActiveCfg = Debug|Any CPU
		{35805942-BB31-4F54-89FA-02099F796C04}.Debug|Any CPU.Build.0 = Debug|Any CPU
		{35805942-BB31-4F54-89FA-02099F796C04}.Release|Any CPU.ActiveCfg = Release|Any CPU
		{35805942-BB31-4F54-89FA-02099F796C04}.Release|Any CPU.Build.0 = Release|Any CPU
	EndGlobalSection
	GlobalSection(SolutionProperties) = preSolution
		HideSolutionNode = FALSE
	EndGlobalSection
EndGlobal
